
Microsoft Visual Studio Solution File, Format Version 12.00
# Visual Studio 14
VisualStudioVersion = 14.0.24720.0
MinimumVisualStudioVersion = 10.0.40219.1
Project("{FAE04EC0-301F-11D3-BF4B-00C04F79EFBC}") = "InputValidating", "InputValidating\InputValidating.csproj", "{31E7F2A0-9434-4AF6-BB9F-FE1CD997A2CC}"
EndProject
Project("{FAE04EC0-301F-11D3-BF4B-00C04F79EFBC}") = "Serializing", "Serializing\Serializing.csproj", "{93CA6032-F03F-4750-93D1-78D054F30408}"
EndProject
Project("{FAE04EC0-301F-11D3-BF4B-00C04F79EFBC}") = "SimpleThreadingDemo", "SimpleThreadingDemo\SimpleThreadingDemo.csproj", "{9A2B9D0B-95C3-4D59-B845-2E150F7115C9}"
EndProject
Project("{2150E333-8FDC-42A3-9474-1A3956D46DE8}") = "Solution Items", "Solution Items", "{88D0F8F8-053B-4DD8-A3FF-979994D06E4F}"
	ProjectSection(SolutionItems) = preProject
		descRegexp.md = descRegexp.md
		descSerializing.md = descSerializing.md
		descThreading.md = descThreading.md
		Readme.md = Readme.md
	EndProjectSection
EndProject
Project("{FAE04EC0-301F-11D3-BF4B-00C04F79EFBC}") = "EncodingDemo", "EncodingDemo\EncodingDemo.csproj", "{BB818277-22D7-482C-BC36-E62D8FCCC4BD}"
EndProject
Project("{FAE04EC0-301F-11D3-BF4B-00C04F79EFBC}") = "SingleInstanceExample", "SingleInstanceExample\SingleInstanceExample.csproj", "{0CEF632C-C691-44BE-A4D8-3AE6B3B24F04}"
EndProject
Global
	GlobalSection(SolutionConfigurationPlatforms) = preSolution
		Debug|Any CPU = Debug|Any CPU
		Release|Any CPU = Release|Any CPU
	EndGlobalSection
	GlobalSection(ProjectConfigurationPlatforms) = postSolution
		{31E7F2A0-9434-4AF6-BB9F-FE1CD997A2CC}.Debug|Any CPU.ActiveCfg = Debug|Any CPU
		{31E7F2A0-9434-4AF6-BB9F-FE1CD997A2CC}.Debug|Any CPU.Build.0 = Debug|Any CPU
		{31E7F2A0-9434-4AF6-BB9F-FE1CD997A2CC}.Release|Any CPU.ActiveCfg = Release|Any CPU
		{31E7F2A0-9434-4AF6-BB9F-FE1CD997A2CC}.Release|Any CPU.Build.0 = Release|Any CPU
		{93CA6032-F03F-4750-93D1-78D054F30408}.Debug|Any CPU.ActiveCfg = Debug|Any CPU
		{93CA6032-F03F-4750-93D1-78D054F30408}.Debug|Any CPU.Build.0 = Debug|Any CPU
		{93CA6032-F03F-4750-93D1-78D054F30408}.Release|Any CPU.ActiveCfg = Release|Any CPU
		{93CA6032-F03F-4750-93D1-78D054F30408}.Release|Any CPU.Build.0 = Release|Any CPU
		{9A2B9D0B-95C3-4D59-B845-2E150F7115C9}.Debug|Any CPU.ActiveCfg = Debug|Any CPU
		{9A2B9D0B-95C3-4D59-B845-2E150F7115C9}.Debug|Any CPU.Build.0 = Debug|Any CPU
		{9A2B9D0B-95C3-4D59-B845-2E150F7115C9}.Release|Any CPU.ActiveCfg = Release|Any CPU
		{9A2B9D0B-95C3-4D59-B845-2E150F7115C9}.Release|Any CPU.Build.0 = Release|Any CPU
		{BB818277-22D7-482C-BC36-E62D8FCCC4BD}.Debug|Any CPU.ActiveCfg = Debug|Any CPU
		{BB818277-22D7-482C-BC36-E62D8FCCC4BD}.Debug|Any CPU.Build.0 = Debug|Any CPU
		{BB818277-22D7-482C-BC36-E62D8FCCC4BD}.Release|Any CPU.ActiveCfg = Release|Any CPU
		{BB818277-22D7-482C-BC36-E62D8FCCC4BD}.Release|Any CPU.Build.0 = Release|Any CPU
		{0CEF632C-C691-44BE-A4D8-3AE6B3B24F04}.Debug|Any CPU.ActiveCfg = Debug|Any CPU
		{0CEF632C-C691-44BE-A4D8-3AE6B3B24F04}.Debug|Any CPU.Build.0 = Debug|Any CPU
		{0CEF632C-C691-44BE-A4D8-3AE6B3B24F04}.Release|Any CPU.ActiveCfg = Release|Any CPU
		{0CEF632C-C691-44BE-A4D8-3AE6B3B24F04}.Release|Any CPU.Build.0 = Release|Any CPU
	EndGlobalSection
	GlobalSection(SolutionProperties) = preSolution
		HideSolutionNode = FALSE
	EndGlobalSection
EndGlobal
